
Microsoft Visual Studio Solution File, Format Version 12.00
Project("{FAE04EC0-301F-11D3-BF4B-00C04F79EFBC}") = "DrawEllipse", "DrawEllipse\DrawEllipse.csproj", "{611AA87D-621C-4A9A-AD9D-7141C249A7D7}"
EndProject
Global
	GlobalSection(SolutionConfigurationPlatforms) = preSolution
		Debug|Any CPU = Debug|Any CPU
		Release|Any CPU = Release|Any CPU
	EndGlobalSection
	GlobalSection(ProjectConfigurationPlatforms) = postSolution
		{611AA87D-621C-4A9A-AD9D-7141C249A7D7}.Debug|Any CPU.ActiveCfg = Debug|Any CPU
		{611AA87D-621C-4A9A-AD9D-7141C249A7D7}.Debug|Any CPU.Build.0 = Debug|Any CPU
		{611AA87D-621C-4A9A-AD9D-7141C249A7D7}.Release|Any CPU.ActiveCfg = Release|Any CPU
		{611AA87D-621C-4A9A-AD9D-7141C249A7D7}.Release|Any CPU.Build.0 = Release|Any CPU
	EndGlobalSection
EndGlobal
